# THIS IS AN AUTOGENERATED FILE. DO NOT EDIT THIS FILE DIRECTLY.
# yarn lockfile v1


"@napi-rs/cli@^2.3.0":
  version "2.3.0"
  resolved "https://registry.yarnpkg.com/@napi-rs/cli/-/cli-2.3.0.tgz#fb3c9179bf2ff1088f19b235108208acaf051b6f"
  integrity sha512-sDhyEuUVmgQvm37teoHgJP07+XJy57jfbnDBFVrgOw/+vbr/6yhcn68R3oYxxNLkp3+d57ChVyHxglEFJ6j4Hg==
